// !$*UTF8*$!
{
	archiveVersion = 1;
	classes = {
	};
	objectVersion = 50;
	objects = {

/* Begin PBXBuildFile section */
		6325E3FC265A46CD00F30642 /* SwiftUINavigationViewApp.swift in Sources */ = {isa = PBXBuildFile; fileRef = 6325E3FB265A46CD00F30642 /* SwiftUINavigationViewApp.swift */; };
		6325E3FE265A46CD00F30642 /* ContentView.swift in Sources */ = {isa = PBXBuildFile; fileRef = 6325E3FD265A46CD00F30642 /* ContentView.swift */; };
		6325E400265A46CE00F30642 /* Assets.xcassets in Resources */ = {isa = PBXBuildFile; fileRef = 6325E3FF265A46CE00F30642 /* Assets.xcassets */; };
		6325E403265A46CE00F30642 /* Preview Assets.xcassets in Resources */ = {isa = PBXBuildFile; fileRef = 6325E402265A46CE00F30642 /* Preview Assets.xcassets */; };
		63662286265E6B05002D1A22 /* NavigationViewBackgroundColor.swift in Sources */ = {isa = PBXBuildFile; fileRef = 63662285265E6B05002D1A22 /* NavigationViewBackgroundColor.swift */; };
		63662288265E6C96002D1A22 /* NavigationViewTitle.swift in Sources */ = {isa = PBXBuildFile; fileRef = 63662287265E6C96002D1A22 /* NavigationViewTitle.swift */; };
		6366228A265E6CC3002D1A22 /* NavigationViewBarButtons.swift in Sources */ = {isa = PBXBuildFile; fileRef = 63662289265E6CC3002D1A22 /* NavigationViewBarButtons.swift */; };
/* End PBXBuildFile section */

/* Begin PBXFileReference section */
		6325E3F8265A46CD00F30642 /* SwiftUINavigationView.app */ = {isa = PBXFileReference; explicitFileType = wrapper.application; includeInIndex = 0; path = SwiftUINavigationView.app; sourceTree = BUILT_PRODUCTS_DIR; };
		6325E3FB265A46CD00F30642 /* SwiftUINavigationViewApp.swift */ = {isa = PBXFileReference; lastKnownFileType = sourcecode.swift; path = SwiftUINavigationViewApp.swift; sourceTree = "<group>"; };
		6325E3FD265A46CD00F30642 /* ContentView.swift */ = {isa = PBXFileReference; lastKnownFileType = sourcecode.swift; path = ContentView.swift; sourceTree = "<group>"; };
		6325E3FF265A46CE00F30642 /* Assets.xcassets */ = {isa = PBXFileReference; lastKnownFileType = folder.assetcatalog; path = Assets.xcassets; sourceTree = "<group>"; };
		6325E402265A46CE00F30642 /* Preview Assets.xcassets */ = {isa = PBXFileReference; lastKnownFileType = folder.assetcatalog; path = "Preview Assets.xcassets"; sourceTree = "<group>"; };
		6325E404265A46CE00F30642 /* Info.plist */ = {isa = PBXFileReference; lastKnownFileType = text.plist.xml; path = Info.plist; sourceTree = "<group>"; };
		63662285265E6B05002D1A22 /* NavigationViewBackgroundColor.swift */ = {isa = PBXFileReference; lastKnownFileType = sourcecode.swift; path = NavigationViewBackgroundColor.swift; sourceTree = "<group>"; };
		63662287265E6C96002D1A22 /* NavigationViewTitle.swift */ = {isa = PBXFileReference; lastKnownFileType = sourcecode.swift; path = NavigationViewTitle.swift; sourceTree = "<group>"; };
		63662289265E6CC3002D1A22 /* NavigationViewBarButtons.swift */ = {isa = PBXFileReference; lastKnownFileType = sourcecode.swift; path = NavigationViewBarButtons.swift; sourceTree = "<group>"; };
/* End PBXFileReference section */

/* Begin PBXFrameworksBuildPhase section */
		6325E3F5265A46CD00F30642 /* Frameworks */ = {
			isa = PBXFrameworksBuildPhase;
			buildActionMask = 2147483647;
			files = (
			);
			runOnlyForDeploymentPostprocessing = 0;
		};
/* End PBXFrameworksBuildPhase section */

/* Begin PBXGroup section */
		6325E3EF265A46CD00F30642 = {
			isa = PBXGroup;
			children = (
				6325E3FA265A46CD00F30642 /* SwiftUINavigationView */,
				6325E3F9265A46CD00F30642 /* Products */,
			);
			sourceTree = "<group>";
		};
		6325E3F9265A46CD00F30642 /* Products */ = {
			isa = PBXGroup;
			children = (
				6325E3F8265A46CD00F30642 /* SwiftUINavigationView.app */,
			);
			name = Products;
			sourceTree = "<group>";
		};
		6325E3FA265A46CD00F30642 /* SwiftUINavigationView */ = {
			isa = PBXGroup;
			children = (
				6325E3FB265A46CD00F30642 /* SwiftUINavigationViewApp.swift */,
				6325E3FD265A46CD00F30642 /* ContentView.swift */,
				63662287265E6C96002D1A22 /* NavigationViewTitle.swift */,
				63662289265E6CC3002D1A22 /* NavigationViewBarButtons.swift */,
				63662285265E6B05002D1A22 /* NavigationViewBackgroundColor.swift */,
				6325E3FF265A46CE00F30642 /* Assets.xcassets */,
				6325E404265A46CE00F30642 /* Info.plist */,
				6325E401265A46CE00F30642 /* Preview Content */,
			);
			path = SwiftUINavigationView;
			sourceTree = "<group>";
		};
		6325E401265A46CE00F30642 /* Preview Content */ = {
			isa = PBXGroup;
			children = (
				6325E402265A46CE00F30642 /* Preview Assets.xcassets */,
			);
			path = "Preview Content";
			sourceTree = "<group>";
		};
/* End PBXGroup section */

/* Begin PBXNativeTarget section */
		6325E3F7265A46CD00F30642 /* SwiftUINavigationView */ = {
			isa = PBXNativeTarget;
			buildConfigurationList = 6325E407265A46CE00F30642 /* Build configuration list for PBXNativeTarget "SwiftUINavigationView" */;
			buildPhases = (
				6325E3F4265A46CD00F30642 /* Sources */,
				6325E3F5265A46CD00F30642 /* Frameworks */,
				6325E3F6265A46CD00F30642 /* Resources */,
			);
			buildRules = (
			);
			dependencies = (
			);
			name = SwiftUINavigationView;
			productName = SwiftUINavigationView;
			productReference = 6325E3F8265A46CD00F30642 /* SwiftUINavigationView.app */;
			productType = "com.apple.product-type.application";
		};
/* End PBXNativeTarget section */

/* Begin PBXProject section */
		6325E3F0265A46CD00F30642 /* Project object */ = {
			isa = PBXProject;
			attributes = {
				LastSwiftUpdateCheck = 1250;
				LastUpgradeCheck = 1250;
				TargetAttributes = {
					6325E3F7265A46CD00F30642 = {
						CreatedOnToolsVersion = 12.5;
					};
				};
			};
			buildConfigurationList = 6325E3F3265A46CD00F30642 /* Build configuration list for PBXProject "SwiftUINavigationView" */;
			compatibilityVersion = "Xcode 9.3";
			developmentRegion = en;
			hasScannedForEncodings = 0;
			knownRegions = (
				en,
				Base,
			);
			mainGroup = 6325E3EF265A46CD00F30642;
			productRefGroup = 6325E3F9265A46CD00F30642 /* Products */;
			projectDirPath = "";
			projectRoot = "";
			targets = (
				6325E3F7265A46CD00F30642 /* SwiftUINavigationView */,
			);
		};
/* End PBXProject section */

/* Begin PBXResourcesBuildPhase section */
		6325E3F6265A46CD00F30642 /* Resources */ = {
			isa = PBXResourcesBuildPhase;
			buildActionMask = 2147483647;
			files = (
				6325E403265A46CE00F30642 /* Preview Assets.xcassets in Resources */,
				6325E400265A46CE00F30642 /* Assets.xcassets in Resources */,
			);
			runOnlyForDeploymentPostprocessing = 0;
		};
/* End PBXResourcesBuildPhase section */

/* Begin PBXSourcesBuildPhase section */
		6325E3F4265A46CD00F30642 /* Sources */ = {
			isa = PBXSourcesBuildPhase;
			buildActionMask = 2147483647;
			files = (
				6366228A265E6CC3002D1A22 /* NavigationViewBarButtons.swift in Sources */,
				63662286265E6B05002D1A22 /* NavigationViewBackgroundColor.swift in Sources */,
				63662288265E6C96002D1A22 /* NavigationViewTitle.swift in Sources */,
				6325E3FE265A46CD00F30642 /* ContentView.swift in Sources */,
				6325E3FC265A46CD00F30642 /* SwiftUINavigationViewApp.swift in Sources */,
			);
			runOnlyForDeploymentPostprocessing = 0;
		};
/* End PBXSourcesBuildPhase section */

/* Begin XCBuildConfiguration section */
		6325E405265A46CE00F30642 /* Debug */ = {
			isa = XCBuildConfiguration;
			buildSettings = {
				ALWAYS_SEARCH_USER_PATHS = NO;
				CLANG_ANALYZER_NONNULL = YES;
				CLANG_ANALYZER_NUMBER_OBJECT_CONVERSION = YES_AGGRESSIVE;
				CLANG_CXX_LANGUAGE_STANDARD = "gnu++14";
				CLANG_CXX_LIBRARY = "libc++";
				CLANG_ENABLE_MODULES = YES;
				CLANG_ENABLE_OBJC_ARC = YES;
				CLANG_ENABLE_OBJC_WEAK = YES;
				CLANG_WARN_BLOCK_CAPTURE_AUTORELEASING = YES;
				CLANG_WARN_BOOL_CONVERSION = YES;
				CLANG_WARN_COMMA = YES;
				CLANG_WARN_CONSTANT_CONVERSION = YES;
				CLANG_WARN_DEPRECATED_OBJC_IMPLEMENTATIONS = YES;
				CLANG_WARN_DIRECT_OBJC_ISA_USAGE = YES_ERROR;
				CLANG_WARN_DOCUMENTATION_COMMENTS = YES;
				CLANG_WARN_EMPTY_BODY = YES;
				CLANG_WARN_ENUM_CONVERSION = YES;
				CLANG_WARN_INFINITE_RECURSION = YES;
				CLANG_WARN_INT_CONVERSION = YES;
				CLANG_WARN_NON_LITERAL_NULL_CONVERSION = YES;
				CLANG_WARN_OBJC_IMPLICIT_RETAIN_SELF = YES;
				CLANG_WARN_OBJC_LITERAL_CONVERSION = YES;
				CLANG_WARN_OBJC_ROOT_CLASS = YES_ERROR;
				CLANG_WARN_QUOTED_INCLUDE_IN_FRAMEWORK_HEADER = YES;
				CLANG_WARN_RANGE_LOOP_ANALYSIS = YES;
				CLANG_WARN_STRICT_PROTOTYPES = YES;
				CLANG_WARN_SUSPICIOUS_MOVE = YES;
				CLANG_WARN_UNGUARDED_AVAILABILITY = YES_AGGRESSIVE;
				CLANG_WARN_UNREACHABLE_CODE = YES;
				CLANG_WARN__DUPLICATE_METHOD_MATCH = YES;
				COPY_PHASE_STRIP = NO;
				DEBUG_INFORMATION_FORMAT = dwarf;
				ENABLE_STRICT_OBJC_MSGSEND = YES;
				ENABLE_TESTABILITY = YES;
				GCC_C_LANGUAGE_STANDARD = gnu11;
				GCC_DYNAMIC_NO_PIC = NO;
				GCC_NO_COMMON_BLOCKS = YES;
				GCC_OPTIMIZATION_LEVEL = 0;
				GCC_PREPROCESSOR_DEFINITIONS = (
					"DEBUG=1",
					"$(inherited)",
				);
				GCC_WARN_64_TO_32_BIT_CONVERSION = YES;
				GCC_WARN_ABOUT_RETURN_TYPE = YES_ERROR;
				GCC_WARN_UNDECLARED_SELECTOR = YES;
				GCC_WARN_UNINITIALIZED_AUTOS = YES_AGGRESSIVE;
				GCC_WARN_UNUSED_FUNCTION = YES;
				GCC_WARN_UNUSED_VARIABLE = YES;
				IPHONEOS_DEPLOYMENT_TARGET = 14.5;
				MTL_ENABLE_DEBUG_INFO = INCLUDE_SOURCE;
				MTL_FAST_MATH = YES;
				ONLY_ACTIVE_ARCH = YES;
				SDKROOT = iphoneos;
				SWIFT_ACTIVE_COMPILATION_CONDITIONS = DEBUG;
				SWIFT_OPTIMIZATION_LEVEL = "-Onone";
			};
			name = Debug;
		};
		6325E406265A46CE00F30642 /* Release */ = {
			isa = XCBuildConfiguration;
			buildSettings = {
				ALWAYS_SEARCH_USER_PATHS = NO;
				CLANG_ANALYZER_NONNULL = YES;
				CLANG_ANALYZER_NUMBER_OBJECT_CONVERSION = YES_AGGRESSIVE;
				CLANG_CXX_LANGUAGE_STANDARD = "gnu++14";
				CLANG_CXX_LIBRARY = "libc++";
				CLANG_ENABLE_MODULES = YES;
				CLANG_ENABLE_OBJC_ARC = YES;
				CLANG_ENABLE_OBJC_WEAK = YES;
				CLANG_WARN_BLOCK_CAPTURE_AUTORELEASING = YES;
				CLANG_WARN_BOOL_CONVERSION = YES;
				CLANG_WARN_COMMA = YES;
				CLANG_WARN_CONSTANT_CONVERSION = YES;
				CLANG_WARN_DEPRECATED_OBJC_IMPLEMENTATIONS = YES;
				CLANG_WARN_DIRECT_OBJC_ISA_USAGE = YES_ERROR;
				CLANG_WARN_DOCUMENTATION_COMMENTS = YES;
				CLANG_WARN_EMPTY_BODY = YES;
				CLANG_WARN_ENUM_CONVERSION = YES;
				CLANG_WARN_INFINITE_RECURSION = YES;
				CLANG_WARN_INT_CONVERSION = YES;
				CLANG_WARN_NON_LITERAL_NULL_CONVERSION = YES;
				CLANG_WARN_OBJC_IMPLICIT_RETAIN_SELF = YES;
				CLANG_WARN_OBJC_LITERAL_CONVERSION = YES;
				CLANG_WARN_OBJC_ROOT_CLASS = YES_ERROR;
				CLANG_WARN_QUOTED_INCLUDE_IN_FRAMEWORK_HEADER = YES;
				CLANG_WARN_RANGE_LOOP_ANALYSIS = YES;
				CLANG_WARN_STRICT_PROTOTYPES = YES;
				CLANG_WARN_SUSPICIOUS_MOVE = YES;
				CLANG_WARN_UNGUARDED_AVAILABILITY = YES_AGGRESSIVE;
				CLANG_WARN_UNREACHABLE_CODE = YES;
				CLANG_WARN__DUPLICATE_METHOD_MATCH = YES;
				COPY_PHASE_STRIP = NO;
				DEBUG_INFORMATION_FORMAT = "dwarf-with-dsym";
				ENABLE_NS_ASSERTIONS = NO;
				ENABLE_STRICT_OBJC_MSGSEND = YES;
				GCC_C_LANGUAGE_STANDARD = gnu11;
				GCC_NO_COMMON_BLOCKS = YES;
				GCC_WARN_64_TO_32_BIT_CONVERSION = YES;
				GCC_WARN_ABOUT_RETURN_TYPE = YES_ERROR;
				GCC_WARN_UNDECLARED_SELECTOR = YES;
				GCC_WARN_UNINITIALIZED_AUTOS = YES_AGGRESSIVE;
				GCC_WARN_UNUSED_FUNCTION = YES;
				GCC_WARN_UNUSED_VARIABLE = YES;
				IPHONEOS_DEPLOYMENT_TARGET = 14.5;
				MTL_ENABLE_DEBUG_INFO = NO;
				MTL_FAST_MATH = YES;
				SDKROOT = iphoneos;
				SWIFT_COMPILATION_MODE = wholemodule;
				SWIFT_OPTIMIZATION_LEVEL = "-O";
				VALIDATE_PRODUCT = YES;
			};
			name = Release;
		};
		6325E408265A46CE00F30642 /* Debug */ = {
			isa = XCBuildConfiguration;
			buildSettings = {
				ASSETCATALOG_COMPILER_APPICON_NAME = AppIcon;
				ASSETCATALOG_COMPILER_GLOBAL_ACCENT_COLOR_NAME = AccentColor;
				CODE_SIGN_STYLE = Automatic;
				DEVELOPMENT_ASSET_PATHS = "\"SwiftUINavigationView/Preview Content\"";
				DEVELOPMENT_TEAM = 3SGNZQGS68;
				ENABLE_PREVIEWS = YES;
				INFOPLIST_FILE = SwiftUINavigationView/Info.plist;
				IPHONEOS_DEPLOYMENT_TARGET = 14.0;
				LD_RUNPATH_SEARCH_PATHS = (
					"$(inherited)",
					"@executable_path/Frameworks",
				);
				PRODUCT_BUNDLE_IDENTIFIER = com.fassko.SwiftUINavigationView;
				PRODUCT_NAME = "$(TARGET_NAME)";
				SWIFT_VERSION = 5.0;
				TARGETED_DEVICE_FAMILY = "1,2";
			};
			name = Debug;
		};
		6325E409265A46CE00F30642 /* Release */ = {
			isa = XCBuildConfiguration;
			buildSettings = {
				ASSETCATALOG_COMPILER_APPICON_NAME = AppIcon;
				ASSETCATALOG_COMPILER_GLOBAL_ACCENT_COLOR_NAME = AccentColor;
				CODE_SIGN_STYLE = Automatic;
				DEVELOPMENT_ASSET_PATHS = "\"SwiftUINavigationView/Preview Content\"";
				DEVELOPMENT_TEAM = 3SGNZQGS68;
				ENABLE_PREVIEWS = YES;
				INFOPLIST_FILE = SwiftUINavigationView/Info.plist;
				IPHONEOS_DEPLOYMENT_TARGET = 14.0;
				LD_RUNPATH_SEARCH_PATHS = (
					"$(inherited)",
					"@executable_path/Frameworks",
				);
				PRODUCT_BUNDLE_IDENTIFIER = com.fassko.SwiftUINavigationView;
				PRODUCT_NAME = "$(TARGET_NAME)";
				SWIFT_VERSION = 5.0;
				TARGETED_DEVICE_FAMILY = "1,2";
			};
			name = Release;
		};
/* End XCBuildConfiguration section */

/* Begin XCConfigurationList section */
		6325E3F3265A46CD00F30642 /* Build configuration list for PBXProject "SwiftUINavigationView" */ = {
			isa = XCConfigurationList;
			buildConfigurations = (
				6325E405265A46CE00F30642 /* Debug */,
				6325E406265A46CE00F30642 /* Release */,
			);
			defaultConfigurationIsVisible = 0;
			defaultConfigurationName = Release;
		};
		6325E407265A46CE00F30642 /* Build configuration list for PBXNativeTarget "SwiftUINavigationView" */ = {
			isa = XCConfigurationList;
			buildConfigurations = (
				6325E408265A46CE00F30642 /* Debug */,
				6325E409265A46CE00F30642 /* Release */,
			);
			defaultConfigurationIsVisible = 0;
			defaultConfigurationName = Release;
		};
/* End XCConfigurationList section */
	};
	rootObject = 6325E3F0265A46CD00F30642 /* Project object */;
}
